// !$*UTF8*$!
{
	archiveVersion = 1;
	classes = {
	};
	objectVersion = 46;
	objects = {

/* Begin PBXBuildFile section */
		9B7DD0921FB503B70076285E /* lauch.png in Resources */ = {isa = PBXBuildFile; fileRef = 9B7DD0911FB503B70076285E /* lauch.png */; };
		9B8539631FBA5E3C0073CE49 /* Icon-120.png in Resources */ = {isa = PBXBuildFile; fileRef = 9B8539451FBA5E2B0073CE49 /* Icon-120.png */; };
		9B8539641FBA5E3C0073CE49 /* Icon-144.png in Resources */ = {isa = PBXBuildFile; fileRef = 9B8539461FBA5E2C0073CE49 /* Icon-144.png */; };
		9B8539651FBA5E3C0073CE49 /* Icon-32.png in Resources */ = {isa = PBXBuildFile; fileRef = 9B8539471FBA5E2D0073CE49 /* Icon-32.png */; };
		9B8539661FBA5E3C0073CE49 /* Icon-1024.png in Resources */ = {isa = PBXBuildFile; fileRef = 9B8539481FBA5E2D0073CE49 /* Icon-1024.png */; };
		9B8539671FBA5E3C0073CE49 /* Icon-20.png in Resources */ = {isa = PBXBuildFile; fileRef = 9B8539491FBA5E2E0073CE49 /* Icon-20.png */; };
		9B8539681FBA5E3C0073CE49 /* Icon-76.png in Resources */ = {isa = PBXBuildFile; fileRef = 9B85394A1FBA5E2E0073CE49 /* Icon-76.png */; };
		9B8539691FBA5E3C0073CE49 /* Icon-55.png in Resources */ = {isa = PBXBuildFile; fileRef = 9B85394B1FBA5E2F0073CE49 /* Icon-55.png */; };
		9B85396A1FBA5E3C0073CE49 /* Icon-88.png in Resources */ = {isa = PBXBuildFile; fileRef = 9B85394C1FBA5E2F0073CE49 /* Icon-88.png */; };
		9B85396B1FBA5E3C0073CE49 /* Icon-48.png in Resources */ = {isa = PBXBuildFile; fileRef = 9B85394D1FBA5E300073CE49 /* Icon-48.png */; };
		9B85396C1FBA5E3C0073CE49 /* Icon-16.png in Resources */ = {isa = PBXBuildFile; fileRef = 9B85394E1FBA5E300073CE49 /* Icon-16.png */; };
		9B85396D1FBA5E3C0073CE49 /* Icon-172.png in Resources */ = {isa = PBXBuildFile; fileRef = 9B85394F1FBA5E310073CE49 /* Icon-172.png */; };
		9B85396E1FBA5E3C0073CE49 /* Icon-180.png in Resources */ = {isa = PBXBuildFile; fileRef = 9B8539501FBA5E310073CE49 /* Icon-180.png */; };
		9B85396F1FBA5E3C0073CE49 /* Icon-256.png in Resources */ = {isa = PBXBuildFile; fileRef = 9B8539511FBA5E320073CE49 /* Icon-256.png */; };
		9B8539701FBA5E3C0073CE49 /* Icon-50.png in Resources */ = {isa = PBXBuildFile; fileRef = 9B8539521FBA5E320073CE49 /* Icon-50.png */; };
		9B8539711FBA5E3C0073CE49 /* Icon-196.png in Resources */ = {isa = PBXBuildFile; fileRef = 9B8539531FBA5E330073CE49 /* Icon-196.png */; };
		9B8539721FBA5E3C0073CE49 /* Icon-512.png in Resources */ = {isa = PBXBuildFile; fileRef = 9B8539541FBA5E340073CE49 /* Icon-512.png */; };
		9B8539731FBA5E3C0073CE49 /* Icon-40.png in Resources */ = {isa = PBXBuildFile; fileRef = 9B8539551FBA5E340073CE49 /* Icon-40.png */; };
		9B8539741FBA5E3C0073CE49 /* Icon-80.png in Resources */ = {isa = PBXBuildFile; fileRef = 9B8539561FBA5E350073CE49 /* Icon-80.png */; };
		9B8539751FBA5E3C0073CE49 /* Icon-60.png in Resources */ = {isa = PBXBuildFile; fileRef = 9B8539571FBA5E350073CE49 /* Icon-60.png */; };
		9B8539761FBA5E3C0073CE49 /* Icon-100.png in Resources */ = {isa = PBXBuildFile; fileRef = 9B8539581FBA5E360073CE49 /* Icon-100.png */; };
		9B8539771FBA5E3C0073CE49 /* Icon-87.png in Resources */ = {isa = PBXBuildFile; fileRef = 9B8539591FBA5E360073CE49 /* Icon-87.png */; };
		9B8539781FBA5E3C0073CE49 /* Icon-58.png in Resources */ = {isa = PBXBuildFile; fileRef = 9B85395A1FBA5E370073CE49 /* Icon-58.png */; };
		9B8539791FBA5E3C0073CE49 /* Icon-114.png in Resources */ = {isa = PBXBuildFile; fileRef = 9B85395B1FBA5E370073CE49 /* Icon-114.png */; };
		9B85397A1FBA5E3C0073CE49 /* Icon-57.png in Resources */ = {isa = PBXBuildFile; fileRef = 9B85395C1FBA5E380073CE49 /* Icon-57.png */; };
		9B85397B1FBA5E3C0073CE49 /* Icon-29.png in Resources */ = {isa = PBXBuildFile; fileRef = 9B85395D1FBA5E390073CE49 /* Icon-29.png */; };
		9B85397C1FBA5E3C0073CE49 /* Icon-64.png in Resources */ = {isa = PBXBuildFile; fileRef = 9B85395E1FBA5E390073CE49 /* Icon-64.png */; };
		9B85397D1FBA5E3C0073CE49 /* Icon-152.png in Resources */ = {isa = PBXBuildFile; fileRef = 9B85395F1FBA5E3A0073CE49 /* Icon-152.png */; };
		9B85397E1FBA5E3C0073CE49 /* Icon-72.png in Resources */ = {isa = PBXBuildFile; fileRef = 9B8539601FBA5E3A0073CE49 /* Icon-72.png */; };
		9B85397F1FBA5E3C0073CE49 /* Icon-167.png in Resources */ = {isa = PBXBuildFile; fileRef = 9B8539611FBA5E3B0073CE49 /* Icon-167.png */; };
		9B8539801FBA5E3C0073CE49 /* Icon-128.png in Resources */ = {isa = PBXBuildFile; fileRef = 9B8539621FBA5E3C0073CE49 /* Icon-128.png */; };
		9D355DC81D70946100D4D755 /* Main.storyboard in Resources */ = {isa = PBXBuildFile; fileRef = 9D4DEC4F1D6DDE39001490B9 /* Main.storyboard */; };
		9D4DEC4C1D6DDE39001490B9 /* AppDelegate.swift in Sources */ = {isa = PBXBuildFile; fileRef = 9D4DEC4B1D6DDE39001490B9 /* AppDelegate.swift */; };
		9D4DEC4E1D6DDE39001490B9 /* ViewController.swift in Sources */ = {isa = PBXBuildFile; fileRef = 9D4DEC4D1D6DDE39001490B9 /* ViewController.swift */; };
		9D4DEC531D6DDE39001490B9 /* Assets.xcassets in Resources */ = {isa = PBXBuildFile; fileRef = 9D4DEC521D6DDE39001490B9 /* Assets.xcassets */; };
		9D4DEC561D6DDE39001490B9 /* LaunchScreen.storyboard in Resources */ = {isa = PBXBuildFile; fileRef = 9D4DEC541D6DDE39001490B9 /* LaunchScreen.storyboard */; };
		9D741FF21D74BA260064B267 /* Singleton.swift in Sources */ = {isa = PBXBuildFile; fileRef = 9D741FF11D74BA260064B267 /* Singleton.swift */; };
		9D7E0FCD1D75D67800D2ADFA /* TableController.swift in Sources */ = {isa = PBXBuildFile; fileRef = 9D7E0FCC1D75D67800D2ADFA /* TableController.swift */; };
		C66A3CAA1FB89B5E00CD142F /* buttonsplus.png in Resources */ = {isa = PBXBuildFile; fileRef = C66A3CA91FB89B5D00CD142F /* buttonsplus.png */; };
		C66A3CAC1FB89B6C00CD142F /* fond.png in Resources */ = {isa = PBXBuildFile; fileRef = C66A3CAB1FB89B6C00CD142F /* fond.png */; };
		C68BC7BF1FB7AA1B00073D5E /* 133.png in Resources */ = {isa = PBXBuildFile; fileRef = C68BC7BC1FB7AA1900073D5E /* 133.png */; };
		C68BC7C01FB7AA1B00073D5E /* Pencil.png in Resources */ = {isa = PBXBuildFile; fileRef = C68BC7BD1FB7AA1A00073D5E /* Pencil.png */; };
		C68BC7C11FB7AA1B00073D5E /* 3.1.png in Resources */ = {isa = PBXBuildFile; fileRef = C68BC7BE1FB7AA1A00073D5E /* 3.1.png */; };
		C6A49F621FB827B200D7E857 /* button.png in Resources */ = {isa = PBXBuildFile; fileRef = C6A49F611FB827B100D7E857 /* button.png */; };
		C6A49F641FB8287900D7E857 /* logo.png in Resources */ = {isa = PBXBuildFile; fileRef = C6A49F631FB8287900D7E857 /* logo.png */; };
		C6BBB4B51FB88CED00556ABF /* MichiganTaxes.swift in Sources */ = {isa = PBXBuildFile; fileRef = C6BBB4B41FB88CED00556ABF /* MichiganTaxes.swift */; };
/* End PBXBuildFile section */

/* Begin PBXFileReference section */
		9B7DD0911FB503B70076285E /* lauch.png */ = {isa = PBXFileReference; lastKnownFileType = image.png; name = lauch.png; path = Images/misc/lauch.png; sourceTree = "<group>"; };
		9B8539451FBA5E2B0073CE49 /* Icon-120.png */ = {isa = PBXFileReference; lastKnownFileType = image.png; name = "Icon-120.png"; path = "Images/icons/Icon-120.png"; sourceTree = "<group>"; };
		9B8539461FBA5E2C0073CE49 /* Icon-144.png */ = {isa = PBXFileReference; lastKnownFileType = image.png; name = "Icon-144.png"; path = "Images/icons/Icon-144.png"; sourceTree = "<group>"; };
		9B8539471FBA5E2D0073CE49 /* Icon-32.png */ = {isa = PBXFileReference; lastKnownFileType = image.png; name = "Icon-32.png"; path = "Images/icons/Icon-32.png"; sourceTree = "<group>"; };
		9B8539481FBA5E2D0073CE49 /* Icon-1024.png */ = {isa = PBXFileReference; lastKnownFileType = image.png; name = "Icon-1024.png"; path = "Images/icons/Icon-1024.png"; sourceTree = "<group>"; };
		9B8539491FBA5E2E0073CE49 /* Icon-20.png */ = {isa = PBXFileReference; lastKnownFileType = image.png; name = "Icon-20.png"; path = "Images/icons/Icon-20.png"; sourceTree = "<group>"; };
		9B85394A1FBA5E2E0073CE49 /* Icon-76.png */ = {isa = PBXFileReference; lastKnownFileType = image.png; name = "Icon-76.png"; path = "Images/icons/Icon-76.png"; sourceTree = "<group>"; };
		9B85394B1FBA5E2F0073CE49 /* Icon-55.png */ = {isa = PBXFileReference; lastKnownFileType = image.png; name = "Icon-55.png"; path = "Images/icons/Icon-55.png"; sourceTree = "<group>"; };
		9B85394C1FBA5E2F0073CE49 /* Icon-88.png */ = {isa = PBXFileReference; lastKnownFileType = image.png; name = "Icon-88.png"; path = "Images/icons/Icon-88.png"; sourceTree = "<group>"; };
		9B85394D1FBA5E300073CE49 /* Icon-48.png */ = {isa = PBXFileReference; lastKnownFileType = image.png; name = "Icon-48.png"; path = "Images/icons/Icon-48.png"; sourceTree = "<group>"; };
		9B85394E1FBA5E300073CE49 /* Icon-16.png */ = {isa = PBXFileReference; lastKnownFileType = image.png; name = "Icon-16.png"; path = "Images/icons/Icon-16.png"; sourceTree = "<group>"; };
		9B85394F1FBA5E310073CE49 /* Icon-172.png */ = {isa = PBXFileReference; lastKnownFileType = image.png; name = "Icon-172.png"; path = "Images/icons/Icon-172.png"; sourceTree = "<group>"; };
		9B8539501FBA5E310073CE49 /* Icon-180.png */ = {isa = PBXFileReference; lastKnownFileType = image.png; name = "Icon-180.png"; path = "Images/icons/Icon-180.png"; sourceTree = "<group>"; };
		9B8539511FBA5E320073CE49 /* Icon-256.png */ = {isa = PBXFileReference; lastKnownFileType = image.png; name = "Icon-256.png"; path = "Images/icons/Icon-256.png"; sourceTree = "<group>"; };
		9B8539521FBA5E320073CE49 /* Icon-50.png */ = {isa = PBXFileReference; lastKnownFileType = image.png; name = "Icon-50.png"; path = "Images/icons/Icon-50.png"; sourceTree = "<group>"; };
		9B8539531FBA5E330073CE49 /* Icon-196.png */ = {isa = PBXFileReference; lastKnownFileType = image.png; name = "Icon-196.png"; path = "Images/icons/Icon-196.png"; sourceTree = "<group>"; };
		9B8539541FBA5E340073CE49 /* Icon-512.png */ = {isa = PBXFileReference; lastKnownFileType = image.png; name = "Icon-512.png"; path = "Images/icons/Icon-512.png"; sourceTree = "<group>"; };
		9B8539551FBA5E340073CE49 /* Icon-40.png */ = {isa = PBXFileReference; lastKnownFileType = image.png; name = "Icon-40.png"; path = "Images/icons/Icon-40.png"; sourceTree = "<group>"; };
		9B8539561FBA5E350073CE49 /* Icon-80.png */ = {isa = PBXFileReference; lastKnownFileType = image.png; name = "Icon-80.png"; path = "Images/icons/Icon-80.png"; sourceTree = "<group>"; };
		9B8539571FBA5E350073CE49 /* Icon-60.png */ = {isa = PBXFileReference; lastKnownFileType = image.png; name = "Icon-60.png"; path = "Images/icons/Icon-60.png"; sourceTree = "<group>"; };
		9B8539581FBA5E360073CE49 /* Icon-100.png */ = {isa = PBXFileReference; lastKnownFileType = image.png; name = "Icon-100.png"; path = "Images/icons/Icon-100.png"; sourceTree = "<group>"; };
		9B8539591FBA5E360073CE49 /* Icon-87.png */ = {isa = PBXFileReference; lastKnownFileType = image.png; name = "Icon-87.png"; path = "Images/icons/Icon-87.png"; sourceTree = "<group>"; };
		9B85395A1FBA5E370073CE49 /* Icon-58.png */ = {isa = PBXFileReference; lastKnownFileType = image.png; name = "Icon-58.png"; path = "Images/icons/Icon-58.png"; sourceTree = "<group>"; };
		9B85395B1FBA5E370073CE49 /* Icon-114.png */ = {isa = PBXFileReference; lastKnownFileType = image.png; name = "Icon-114.png"; path = "Images/icons/Icon-114.png"; sourceTree = "<group>"; };
		9B85395C1FBA5E380073CE49 /* Icon-57.png */ = {isa = PBXFileReference; lastKnownFileType = image.png; name = "Icon-57.png"; path = "Images/icons/Icon-57.png"; sourceTree = "<group>"; };
		9B85395D1FBA5E390073CE49 /* Icon-29.png */ = {isa = PBXFileReference; lastKnownFileType = image.png; name = "Icon-29.png"; path = "Images/icons/Icon-29.png"; sourceTree = "<group>"; };
		9B85395E1FBA5E390073CE49 /* Icon-64.png */ = {isa = PBXFileReference; lastKnownFileType = image.png; name = "Icon-64.png"; path = "Images/icons/Icon-64.png"; sourceTree = "<group>"; };
		9B85395F1FBA5E3A0073CE49 /* Icon-152.png */ = {isa = PBXFileReference; lastKnownFileType = image.png; name = "Icon-152.png"; path = "Images/icons/Icon-152.png"; sourceTree = "<group>"; };
		9B8539601FBA5E3A0073CE49 /* Icon-72.png */ = {isa = PBXFileReference; lastKnownFileType = image.png; name = "Icon-72.png"; path = "Images/icons/Icon-72.png"; sourceTree = "<group>"; };
		9B8539611FBA5E3B0073CE49 /* Icon-167.png */ = {isa = PBXFileReference; lastKnownFileType = image.png; name = "Icon-167.png"; path = "Images/icons/Icon-167.png"; sourceTree = "<group>"; };
		9B8539621FBA5E3C0073CE49 /* Icon-128.png */ = {isa = PBXFileReference; lastKnownFileType = image.png; name = "Icon-128.png"; path = "Images/icons/Icon-128.png"; sourceTree = "<group>"; };
		9D4DEC481D6DDE38001490B9 /* AddUp.app */ = {isa = PBXFileReference; explicitFileType = wrapper.application; includeInIndex = 0; path = AddUp.app; sourceTree = BUILT_PRODUCTS_DIR; };
		9D4DEC4B1D6DDE39001490B9 /* AppDelegate.swift */ = {isa = PBXFileReference; lastKnownFileType = sourcecode.swift; path = AppDelegate.swift; sourceTree = "<group>"; };
		9D4DEC4D1D6DDE39001490B9 /* ViewController.swift */ = {isa = PBXFileReference; lastKnownFileType = sourcecode.swift; path = ViewController.swift; sourceTree = "<group>"; };
		9D4DEC501D6DDE39001490B9 /* Base */ = {isa = PBXFileReference; lastKnownFileType = file.storyboard; name = Base; path = Base.lproj/Main.storyboard; sourceTree = "<group>"; };
		9D4DEC521D6DDE39001490B9 /* Assets.xcassets */ = {isa = PBXFileReference; lastKnownFileType = folder.assetcatalog; path = Assets.xcassets; sourceTree = "<group>"; };
		9D4DEC551D6DDE39001490B9 /* Base */ = {isa = PBXFileReference; lastKnownFileType = file.storyboard; name = Base; path = Base.lproj/LaunchScreen.storyboard; sourceTree = "<group>"; };
		9D4DEC571D6DDE39001490B9 /* Info.plist */ = {isa = PBXFileReference; lastKnownFileType = text.plist.xml; path = Info.plist; sourceTree = "<group>"; };
		9D741FF11D74BA260064B267 /* Singleton.swift */ = {isa = PBXFileReference; fileEncoding = 4; lastKnownFileType = sourcecode.swift; path = Singleton.swift; sourceTree = "<group>"; };
		9D7E0FCC1D75D67800D2ADFA /* TableController.swift */ = {isa = PBXFileReference; fileEncoding = 4; lastKnownFileType = sourcecode.swift; path = TableController.swift; sourceTree = "<group>"; };
		C66A3CA91FB89B5D00CD142F /* buttonsplus.png */ = {isa = PBXFileReference; lastKnownFileType = image.png; name = buttonsplus.png; path = Images/buttons/buttonsplus.png; sourceTree = "<group>"; };
		C66A3CAB1FB89B6C00CD142F /* fond.png */ = {isa = PBXFileReference; lastKnownFileType = image.png; name = fond.png; path = Images/misc/fond.png; sourceTree = "<group>"; };
		C68BC7BC1FB7AA1900073D5E /* 133.png */ = {isa = PBXFileReference; lastKnownFileType = image.png; name = 133.png; path = Images/misc/133.png; sourceTree = "<group>"; };
		C68BC7BD1FB7AA1A00073D5E /* Pencil.png */ = {isa = PBXFileReference; lastKnownFileType = image.png; name = Pencil.png; path = Images/misc/Pencil.png; sourceTree = "<group>"; };
		C68BC7BE1FB7AA1A00073D5E /* 3.1.png */ = {isa = PBXFileReference; lastKnownFileType = image.png; name = 3.1.png; path = Images/misc/3.1.png; sourceTree = "<group>"; };
		C6A49F611FB827B100D7E857 /* button.png */ = {isa = PBXFileReference; lastKnownFileType = image.png; name = button.png; path = Images/buttons/button.png; sourceTree = "<group>"; };
		C6A49F631FB8287900D7E857 /* logo.png */ = {isa = PBXFileReference; lastKnownFileType = image.png; name = logo.png; path = Images/misc/logo.png; sourceTree = "<group>"; };
		C6BBB4B41FB88CED00556ABF /* MichiganTaxes.swift */ = {isa = PBXFileReference; lastKnownFileType = sourcecode.swift; path = MichiganTaxes.swift; sourceTree = "<group>"; };
/* End PBXFileReference section */

/* Begin PBXFrameworksBuildPhase section */
		9D4DEC451D6DDE38001490B9 /* Frameworks */ = {
			isa = PBXFrameworksBuildPhase;
			buildActionMask = 2147483647;
			files = (
			);
			runOnlyForDeploymentPostprocessing = 0;
		};
/* End PBXFrameworksBuildPhase section */

/* Begin PBXGroup section */
		9B7DD0901FB4FF7B0076285E /* misc */ = {
			isa = PBXGroup;
			children = (
				C66A3CAB1FB89B6C00CD142F /* fond.png */,
				C6A49F631FB8287900D7E857 /* logo.png */,
				C68BC7BE1FB7AA1A00073D5E /* 3.1.png */,
				C68BC7BC1FB7AA1900073D5E /* 133.png */,
				C68BC7BD1FB7AA1A00073D5E /* Pencil.png */,
				9B7DD0911FB503B70076285E /* lauch.png */,
			);
			name = misc;
			sourceTree = "<group>";
		};
		9D4DEC3F1D6DDE37001490B9 = {
			isa = PBXGroup;
			children = (
				9D4DEC4A1D6DDE38001490B9 /* AddUp */,
				9D4DEC491D6DDE38001490B9 /* Products */,
			);
			sourceTree = "<group>";
		};
		9D4DEC491D6DDE38001490B9 /* Products */ = {
			isa = PBXGroup;
			children = (
				9D4DEC481D6DDE38001490B9 /* AddUp.app */,
			);
			name = Products;
			sourceTree = "<group>";
		};
		9D4DEC4A1D6DDE38001490B9 /* AddUp */ = {
			isa = PBXGroup;
			children = (
				9DA1D6821D7621090084B01E /* Images */,
				9DA1D6811D7620FA0084B01E /* Fonts */,
				9D4DEC4B1D6DDE39001490B9 /* AppDelegate.swift */,
				9D741FF11D74BA260064B267 /* Singleton.swift */,
				9D7E0FCC1D75D67800D2ADFA /* TableController.swift */,
				C6BBB4B41FB88CED00556ABF /* MichiganTaxes.swift */,
				9D4DEC4D1D6DDE39001490B9 /* ViewController.swift */,
				9D4DEC4F1D6DDE39001490B9 /* Main.storyboard */,
				9D4DEC521D6DDE39001490B9 /* Assets.xcassets */,
				9D4DEC541D6DDE39001490B9 /* LaunchScreen.storyboard */,
				9D4DEC571D6DDE39001490B9 /* Info.plist */,
			);
			path = AddUp;
			sourceTree = "<group>";
		};
		9DA1D6811D7620FA0084B01E /* Fonts */ = {
			isa = PBXGroup;
			children = (
			);
			name = Fonts;
			sourceTree = "<group>";
		};
		9DA1D6821D7621090084B01E /* Images */ = {
			isa = PBXGroup;
			children = (
				C68BC79D1FB7A2BC00073D5E /* buttons */,
				9B7DD0901FB4FF7B0076285E /* misc */,
				9DC593451D787D9C00D65655 /* icons */,
			);
			name = Images;
			sourceTree = "<group>";
		};
		9DC593451D787D9C00D65655 /* icons */ = {
			isa = PBXGroup;
			children = (
				9B85394E1FBA5E300073CE49 /* Icon-16.png */,
				9B8539491FBA5E2E0073CE49 /* Icon-20.png */,
				9B85395D1FBA5E390073CE49 /* Icon-29.png */,
				9B8539471FBA5E2D0073CE49 /* Icon-32.png */,
				9B8539551FBA5E340073CE49 /* Icon-40.png */,
				9B85394D1FBA5E300073CE49 /* Icon-48.png */,
				9B8539521FBA5E320073CE49 /* Icon-50.png */,
				9B85394B1FBA5E2F0073CE49 /* Icon-55.png */,
				9B85395C1FBA5E380073CE49 /* Icon-57.png */,
				9B85395A1FBA5E370073CE49 /* Icon-58.png */,
				9B8539571FBA5E350073CE49 /* Icon-60.png */,
				9B85395E1FBA5E390073CE49 /* Icon-64.png */,
				9B8539601FBA5E3A0073CE49 /* Icon-72.png */,
				9B85394A1FBA5E2E0073CE49 /* Icon-76.png */,
				9B8539561FBA5E350073CE49 /* Icon-80.png */,
				9B8539591FBA5E360073CE49 /* Icon-87.png */,
				9B85394C1FBA5E2F0073CE49 /* Icon-88.png */,
				9B8539581FBA5E360073CE49 /* Icon-100.png */,
				9B85395B1FBA5E370073CE49 /* Icon-114.png */,
				9B8539451FBA5E2B0073CE49 /* Icon-120.png */,
				9B8539621FBA5E3C0073CE49 /* Icon-128.png */,
				9B8539461FBA5E2C0073CE49 /* Icon-144.png */,
				9B85395F1FBA5E3A0073CE49 /* Icon-152.png */,
				9B8539611FBA5E3B0073CE49 /* Icon-167.png */,
				9B85394F1FBA5E310073CE49 /* Icon-172.png */,
				9B8539501FBA5E310073CE49 /* Icon-180.png */,
				9B8539531FBA5E330073CE49 /* Icon-196.png */,
				9B8539511FBA5E320073CE49 /* Icon-256.png */,
				9B8539541FBA5E340073CE49 /* Icon-512.png */,
				9B8539481FBA5E2D0073CE49 /* Icon-1024.png */,
			);
			name = icons;
			sourceTree = "<group>";
		};
		C68BC79D1FB7A2BC00073D5E /* buttons */ = {
			isa = PBXGroup;
			children = (
				C66A3CA91FB89B5D00CD142F /* buttonsplus.png */,
				C6A49F611FB827B100D7E857 /* button.png */,
			);
			name = buttons;
			sourceTree = "<group>";
		};
/* End PBXGroup section */

/* Begin PBXNativeTarget section */
		9D4DEC471D6DDE38001490B9 /* AddUp */ = {
			isa = PBXNativeTarget;
			buildConfigurationList = 9D4DEC5A1D6DDE39001490B9 /* Build configuration list for PBXNativeTarget "AddUp" */;
			buildPhases = (
				9D4DEC441D6DDE38001490B9 /* Sources */,
				9D4DEC451D6DDE38001490B9 /* Frameworks */,
				9D4DEC461D6DDE38001490B9 /* Resources */,
			);
			buildRules = (
			);
			dependencies = (
			);
			name = AddUp;
			productName = AddUp;
			productReference = 9D4DEC481D6DDE38001490B9 /* AddUp.app */;
			productType = "com.apple.product-type.application";
		};
/* End PBXNativeTarget section */

/* Begin PBXProject section */
		9D4DEC401D6DDE37001490B9 /* Project object */ = {
			isa = PBXProject;
			attributes = {
				LastSwiftUpdateCheck = 0800;
				LastUpgradeCheck = 0900;
				ORGANIZATIONNAME = "Mario Geneau";
				TargetAttributes = {
					9D4DEC471D6DDE38001490B9 = {
						CreatedOnToolsVersion = 8.0;
						LastSwiftMigration = 0900;
						ProvisioningStyle = Automatic;
					};
				};
			};
			buildConfigurationList = 9D4DEC431D6DDE37001490B9 /* Build configuration list for PBXProject "AddUp" */;
			compatibilityVersion = "Xcode 3.2";
			developmentRegion = English;
			hasScannedForEncodings = 0;
			knownRegions = (
				en,
				Base,
			);
			mainGroup = 9D4DEC3F1D6DDE37001490B9;
			productRefGroup = 9D4DEC491D6DDE38001490B9 /* Products */;
			projectDirPath = "";
			projectRoot = "";
			targets = (
				9D4DEC471D6DDE38001490B9 /* AddUp */,
			);
		};
/* End PBXProject section */

/* Begin PBXResourcesBuildPhase section */
		9D4DEC461D6DDE38001490B9 /* Resources */ = {
			isa = PBXResourcesBuildPhase;
			buildActionMask = 2147483647;
			files = (
				9B85397C1FBA5E3C0073CE49 /* Icon-64.png in Resources */,
				C68BC7C11FB7AA1B00073D5E /* 3.1.png in Resources */,
				9B85396D1FBA5E3C0073CE49 /* Icon-172.png in Resources */,
				9B85397F1FBA5E3C0073CE49 /* Icon-167.png in Resources */,
				9B8539651FBA5E3C0073CE49 /* Icon-32.png in Resources */,
				9B8539791FBA5E3C0073CE49 /* Icon-114.png in Resources */,
				9B8539771FBA5E3C0073CE49 /* Icon-87.png in Resources */,
				C66A3CAC1FB89B6C00CD142F /* fond.png in Resources */,
				C68BC7C01FB7AA1B00073D5E /* Pencil.png in Resources */,
				C6A49F621FB827B200D7E857 /* button.png in Resources */,
				9B8539741FBA5E3C0073CE49 /* Icon-80.png in Resources */,
				9B8539631FBA5E3C0073CE49 /* Icon-120.png in Resources */,
				9B85397D1FBA5E3C0073CE49 /* Icon-152.png in Resources */,
				9B8539671FBA5E3C0073CE49 /* Icon-20.png in Resources */,
				9B85397B1FBA5E3C0073CE49 /* Icon-29.png in Resources */,
				9D4DEC561D6DDE39001490B9 /* LaunchScreen.storyboard in Resources */,
				9B8539641FBA5E3C0073CE49 /* Icon-144.png in Resources */,
				9B85396F1FBA5E3C0073CE49 /* Icon-256.png in Resources */,
				9B8539801FBA5E3C0073CE49 /* Icon-128.png in Resources */,
				9B85396A1FBA5E3C0073CE49 /* Icon-88.png in Resources */,
				9B8539761FBA5E3C0073CE49 /* Icon-100.png in Resources */,
				9B7DD0921FB503B70076285E /* lauch.png in Resources */,
				9B85396C1FBA5E3C0073CE49 /* Icon-16.png in Resources */,
				9D355DC81D70946100D4D755 /* Main.storyboard in Resources */,
				C66A3CAA1FB89B5E00CD142F /* buttonsplus.png in Resources */,
				9B8539681FBA5E3C0073CE49 /* Icon-76.png in Resources */,
				9B8539701FBA5E3C0073CE49 /* Icon-50.png in Resources */,
				9B8539661FBA5E3C0073CE49 /* Icon-1024.png in Resources */,
				9B8539751FBA5E3C0073CE49 /* Icon-60.png in Resources */,
				9B8539711FBA5E3C0073CE49 /* Icon-196.png in Resources */,
				9B85397A1FBA5E3C0073CE49 /* Icon-57.png in Resources */,
				9B8539691FBA5E3C0073CE49 /* Icon-55.png in Resources */,
				9B85396E1FBA5E3C0073CE49 /* Icon-180.png in Resources */,
				9B85396B1FBA5E3C0073CE49 /* Icon-48.png in Resources */,
				C6A49F641FB8287900D7E857 /* logo.png in Resources */,
				9B8539731FBA5E3C0073CE49 /* Icon-40.png in Resources */,
				9B8539781FBA5E3C0073CE49 /* Icon-58.png in Resources */,
				9B85397E1FBA5E3C0073CE49 /* Icon-72.png in Resources */,
				C68BC7BF1FB7AA1B00073D5E /* 133.png in Resources */,
				9B8539721FBA5E3C0073CE49 /* Icon-512.png in Resources */,
				9D4DEC531D6DDE39001490B9 /* Assets.xcassets in Resources */,
			);
			runOnlyForDeploymentPostprocessing = 0;
		};
/* End PBXResourcesBuildPhase section */

/* Begin PBXSourcesBuildPhase section */
		9D4DEC441D6DDE38001490B9 /* Sources */ = {
			isa = PBXSourcesBuildPhase;
			buildActionMask = 2147483647;
			files = (
				9D7E0FCD1D75D67800D2ADFA /* TableController.swift in Sources */,
				9D4DEC4E1D6DDE39001490B9 /* ViewController.swift in Sources */,
				9D741FF21D74BA260064B267 /* Singleton.swift in Sources */,
				C6BBB4B51FB88CED00556ABF /* MichiganTaxes.swift in Sources */,
				9D4DEC4C1D6DDE39001490B9 /* AppDelegate.swift in Sources */,
			);
			runOnlyForDeploymentPostprocessing = 0;
		};
/* End PBXSourcesBuildPhase section */

/* Begin PBXVariantGroup section */
		9D4DEC4F1D6DDE39001490B9 /* Main.storyboard */ = {
			isa = PBXVariantGroup;
			children = (
				9D4DEC501D6DDE39001490B9 /* Base */,
			);
			name = Main.storyboard;
			sourceTree = "<group>";
		};
		9D4DEC541D6DDE39001490B9 /* LaunchScreen.storyboard */ = {
			isa = PBXVariantGroup;
			children = (
				9D4DEC551D6DDE39001490B9 /* Base */,
			);
			name = LaunchScreen.storyboard;
			sourceTree = "<group>";
		};
/* End PBXVariantGroup section */

/* Begin XCBuildConfiguration section */
		9D4DEC581D6DDE39001490B9 /* Debug */ = {
			isa = XCBuildConfiguration;
			buildSettings = {
				ALWAYS_SEARCH_USER_PATHS = NO;
				CLANG_ANALYZER_NONNULL = YES;
				CLANG_CXX_LANGUAGE_STANDARD = "gnu++0x";
				CLANG_CXX_LIBRARY = "libc++";
				CLANG_ENABLE_MODULES = YES;
				CLANG_ENABLE_OBJC_ARC = YES;
				CLANG_WARN_BLOCK_CAPTURE_AUTORELEASING = YES;
				CLANG_WARN_BOOL_CONVERSION = YES;
				CLANG_WARN_COMMA = YES;
				CLANG_WARN_CONSTANT_CONVERSION = YES;
				CLANG_WARN_DIRECT_OBJC_ISA_USAGE = YES_ERROR;
				CLANG_WARN_DOCUMENTATION_COMMENTS = YES;
				CLANG_WARN_EMPTY_BODY = YES;
				CLANG_WARN_ENUM_CONVERSION = YES;
				CLANG_WARN_INFINITE_RECURSION = YES;
				CLANG_WARN_INT_CONVERSION = YES;
				CLANG_WARN_NON_LITERAL_NULL_CONVERSION = YES;
				CLANG_WARN_OBJC_LITERAL_CONVERSION = YES;
				CLANG_WARN_OBJC_ROOT_CLASS = YES_ERROR;
				CLANG_WARN_RANGE_LOOP_ANALYSIS = YES;
				CLANG_WARN_STRICT_PROTOTYPES = YES;
				CLANG_WARN_SUSPICIOUS_MOVE = YES;
				CLANG_WARN_SUSPICIOUS_MOVES = YES;
				CLANG_WARN_UNREACHABLE_CODE = YES;
				CLANG_WARN__DUPLICATE_METHOD_MATCH = YES;
				CODE_SIGN_IDENTITY = "iPhone Developer: Mario Geneau (R93YA3HTB4)";
				"CODE_SIGN_IDENTITY[sdk=iphoneos*]" = "iPhone Developer";
				COPY_PHASE_STRIP = NO;
				DEBUG_INFORMATION_FORMAT = dwarf;
				ENABLE_STRICT_OBJC_MSGSEND = YES;
				ENABLE_TESTABILITY = YES;
				GCC_C_LANGUAGE_STANDARD = gnu99;
				GCC_DYNAMIC_NO_PIC = NO;
				GCC_NO_COMMON_BLOCKS = YES;
				GCC_OPTIMIZATION_LEVEL = 0;
				GCC_PREPROCESSOR_DEFINITIONS = (
					"DEBUG=1",
					"$(inherited)",
				);
				GCC_WARN_64_TO_32_BIT_CONVERSION = YES;
				GCC_WARN_ABOUT_RETURN_TYPE = YES_ERROR;
				GCC_WARN_UNDECLARED_SELECTOR = YES;
				GCC_WARN_UNINITIALIZED_AUTOS = YES_AGGRESSIVE;
				GCC_WARN_UNUSED_FUNCTION = YES;
				GCC_WARN_UNUSED_VARIABLE = YES;
				IPHONEOS_DEPLOYMENT_TARGET = 10.0;
				MTL_ENABLE_DEBUG_INFO = YES;
				ONLY_ACTIVE_ARCH = YES;
				SDKROOT = iphoneos;
				SWIFT_ACTIVE_COMPILATION_CONDITIONS = DEBUG;
				SWIFT_OPTIMIZATION_LEVEL = "-Onone";
				TARGETED_DEVICE_FAMILY = "1,2";
			};
			name = Debug;
		};
		9D4DEC591D6DDE39001490B9 /* Release */ = {
			isa = XCBuildConfiguration;
			buildSettings = {
				ALWAYS_SEARCH_USER_PATHS = NO;
				CLANG_ANALYZER_NONNULL = YES;
				CLANG_CXX_LANGUAGE_STANDARD = "gnu++0x";
				CLANG_CXX_LIBRARY = "libc++";
				CLANG_ENABLE_MODULES = YES;
				CLANG_ENABLE_OBJC_ARC = YES;
				CLANG_WARN_BLOCK_CAPTURE_AUTORELEASING = YES;
				CLANG_WARN_BOOL_CONVERSION = YES;
				CLANG_WARN_COMMA = YES;
				CLANG_WARN_CONSTANT_CONVERSION = YES;
				CLANG_WARN_DIRECT_OBJC_ISA_USAGE = YES_ERROR;
				CLANG_WARN_DOCUMENTATION_COMMENTS = YES;
				CLANG_WARN_EMPTY_BODY = YES;
				CLANG_WARN_ENUM_CONVERSION = YES;
				CLANG_WARN_INFINITE_RECURSION = YES;
				CLANG_WARN_INT_CONVERSION = YES;
				CLANG_WARN_NON_LITERAL_NULL_CONVERSION = YES;
				CLANG_WARN_OBJC_LITERAL_CONVERSION = YES;
				CLANG_WARN_OBJC_ROOT_CLASS = YES_ERROR;
				CLANG_WARN_RANGE_LOOP_ANALYSIS = YES;
				CLANG_WARN_STRICT_PROTOTYPES = YES;
				CLANG_WARN_SUSPICIOUS_MOVE = YES;
				CLANG_WARN_SUSPICIOUS_MOVES = YES;
				CLANG_WARN_UNREACHABLE_CODE = YES;
				CLANG_WARN__DUPLICATE_METHOD_MATCH = YES;
				CODE_SIGN_IDENTITY = "iPhone Developer: Mario Geneau (R93YA3HTB4)";
				"CODE_SIGN_IDENTITY[sdk=iphoneos*]" = "iPhone Developer";
				COPY_PHASE_STRIP = NO;
				DEBUG_INFORMATION_FORMAT = "dwarf-with-dsym";
				ENABLE_NS_ASSERTIONS = NO;
				ENABLE_STRICT_OBJC_MSGSEND = YES;
				GCC_C_LANGUAGE_STANDARD = gnu99;
				GCC_NO_COMMON_BLOCKS = YES;
				GCC_WARN_64_TO_32_BIT_CONVERSION = YES;
				GCC_WARN_ABOUT_RETURN_TYPE = YES_ERROR;
				GCC_WARN_UNDECLARED_SELECTOR = YES;
				GCC_WARN_UNINITIALIZED_AUTOS = YES_AGGRESSIVE;
				GCC_WARN_UNUSED_FUNCTION = YES;
				GCC_WARN_UNUSED_VARIABLE = YES;
				IPHONEOS_DEPLOYMENT_TARGET = 10.0;
				MTL_ENABLE_DEBUG_INFO = NO;
				SDKROOT = iphoneos;
				SWIFT_OPTIMIZATION_LEVEL = "-Owholemodule";
				TARGETED_DEVICE_FAMILY = "1,2";
				VALIDATE_PRODUCT = YES;
			};
			name = Release;
		};
		9D4DEC5B1D6DDE39001490B9 /* Debug */ = {
			isa = XCBuildConfiguration;
			buildSettings = {
				ASSETCATALOG_COMPILER_APPICON_NAME = AppIcon;
				DEVELOPMENT_TEAM = "";
				INFOPLIST_FILE = AddUp/Info.plist;
				IPHONEOS_DEPLOYMENT_TARGET = 9.3;
				LD_RUNPATH_SEARCH_PATHS = "$(inherited) @executable_path/Frameworks";
				PRODUCT_BUNDLE_IDENTIFIER = com.mariogeneau.AddUp;
				PRODUCT_NAME = "$(TARGET_NAME)";
				SWIFT_SWIFT3_OBJC_INFERENCE = On;
				SWIFT_VERSION = 3.0;
			};
			name = Debug;
		};
		9D4DEC5C1D6DDE39001490B9 /* Release */ = {
			isa = XCBuildConfiguration;
			buildSettings = {
				ASSETCATALOG_COMPILER_APPICON_NAME = AppIcon;
				DEVELOPMENT_TEAM = "";
				INFOPLIST_FILE = AddUp/Info.plist;
				IPHONEOS_DEPLOYMENT_TARGET = 9.3;
				LD_RUNPATH_SEARCH_PATHS = "$(inherited) @executable_path/Frameworks";
				PRODUCT_BUNDLE_IDENTIFIER = com.mariogeneau.AddUp;
				PRODUCT_NAME = "$(TARGET_NAME)";
				SWIFT_SWIFT3_OBJC_INFERENCE = On;
				SWIFT_VERSION = 3.0;
			};
			name = Release;
		};
/* End XCBuildConfiguration section */

/* Begin XCConfigurationList section */
		9D4DEC431D6DDE37001490B9 /* Build configuration list for PBXProject "AddUp" */ = {
			isa = XCConfigurationList;
			buildConfigurations = (
				9D4DEC581D6DDE39001490B9 /* Debug */,
				9D4DEC591D6DDE39001490B9 /* Release */,
			);
			defaultConfigurationIsVisible = 0;
			defaultConfigurationName = Release;
		};
		9D4DEC5A1D6DDE39001490B9 /* Build configuration list for PBXNativeTarget "AddUp" */ = {
			isa = XCConfigurationList;
			buildConfigurations = (
				9D4DEC5B1D6DDE39001490B9 /* Debug */,
				9D4DEC5C1D6DDE39001490B9 /* Release */,
			);
			defaultConfigurationIsVisible = 0;
			defaultConfigurationName = Release;
		};
/* End XCConfigurationList section */
	};
	rootObject = 9D4DEC401D6DDE37001490B9 /* Project object */;
}
